// !$*UTF8*$!
{
	archiveVersion = 1;
	classes = {
	};
	objectVersion = 46;
	objects = {

/* Begin PBXBuildFile section */
		381FD1A21E275D37003EF816 /* UIViewWSBoom.swift in Sources */ = {isa = PBXBuildFile; fileRef = 381FD1A11E275D37003EF816 /* UIViewWSBoom.swift */; };
		38DAC7641E260C0B00115F02 /* main.m in Sources */ = {isa = PBXBuildFile; fileRef = 38DAC7631E260C0B00115F02 /* main.m */; };
		38DAC7671E260C0B00115F02 /* AppDelegate.m in Sources */ = {isa = PBXBuildFile; fileRef = 38DAC7661E260C0B00115F02 /* AppDelegate.m */; };
		38DAC76A1E260C0B00115F02 /* ViewController.m in Sources */ = {isa = PBXBuildFile; fileRef = 38DAC7691E260C0B00115F02 /* ViewController.m */; };
		38DAC76D1E260C0B00115F02 /* Main.storyboard in Resources */ = {isa = PBXBuildFile; fileRef = 38DAC76B1E260C0B00115F02 /* Main.storyboard */; };
		38DAC76F1E260C0B00115F02 /* Assets.xcassets in Resources */ = {isa = PBXBuildFile; fileRef = 38DAC76E1E260C0B00115F02 /* Assets.xcassets */; };
		38DAC7721E260C0B00115F02 /* LaunchScreen.storyboard in Resources */ = {isa = PBXBuildFile; fileRef = 38DAC7701E260C0B00115F02 /* LaunchScreen.storyboard */; };
		38DAC77C1E260C3A00115F02 /* CASpringView.m in Sources */ = {isa = PBXBuildFile; fileRef = 38DAC77B1E260C3A00115F02 /* CASpringView.m */; };
/* End PBXBuildFile section */

/* Begin PBXFileReference section */
		381FD1A01E27582A003EF816 /* CASpringViewDemo-Bridging-Header.h */ = {isa = PBXFileReference; fileEncoding = 4; lastKnownFileType = sourcecode.c.h; path = "CASpringViewDemo-Bridging-Header.h"; sourceTree = "<group>"; };
		381FD1A11E275D37003EF816 /* UIViewWSBoom.swift */ = {isa = PBXFileReference; fileEncoding = 4; lastKnownFileType = sourcecode.swift; path = UIViewWSBoom.swift; sourceTree = "<group>"; };
		38DAC75F1E260C0B00115F02 /* CASpringViewDemo.app */ = {isa = PBXFileReference; explicitFileType = wrapper.application; includeInIndex = 0; path = CASpringViewDemo.app; sourceTree = BUILT_PRODUCTS_DIR; };
		38DAC7631E260C0B00115F02 /* main.m */ = {isa = PBXFileReference; lastKnownFileType = sourcecode.c.objc; path = main.m; sourceTree = "<group>"; };
		38DAC7651E260C0B00115F02 /* AppDelegate.h */ = {isa = PBXFileReference; lastKnownFileType = sourcecode.c.h; path = AppDelegate.h; sourceTree = "<group>"; };
		38DAC7661E260C0B00115F02 /* AppDelegate.m */ = {isa = PBXFileReference; lastKnownFileType = sourcecode.c.objc; path = AppDelegate.m; sourceTree = "<group>"; };
		38DAC7681E260C0B00115F02 /* ViewController.h */ = {isa = PBXFileReference; lastKnownFileType = sourcecode.c.h; path = ViewController.h; sourceTree = "<group>"; };
		38DAC7691E260C0B00115F02 /* ViewController.m */ = {isa = PBXFileReference; lastKnownFileType = sourcecode.c.objc; path = ViewController.m; sourceTree = "<group>"; };
		38DAC76C1E260C0B00115F02 /* Base */ = {isa = PBXFileReference; lastKnownFileType = file.storyboard; name = Base; path = Base.lproj/Main.storyboard; sourceTree = "<group>"; };
		38DAC76E1E260C0B00115F02 /* Assets.xcassets */ = {isa = PBXFileReference; lastKnownFileType = folder.assetcatalog; path = Assets.xcassets; sourceTree = "<group>"; };
		38DAC7711E260C0B00115F02 /* Base */ = {isa = PBXFileReference; lastKnownFileType = file.storyboard; name = Base; path = Base.lproj/LaunchScreen.storyboard; sourceTree = "<group>"; };
		38DAC7731E260C0B00115F02 /* Info.plist */ = {isa = PBXFileReference; lastKnownFileType = text.plist.xml; path = Info.plist; sourceTree = "<group>"; };
		38DAC77A1E260C3A00115F02 /* CASpringView.h */ = {isa = PBXFileReference; fileEncoding = 4; lastKnownFileType = sourcecode.c.h; path = CASpringView.h; sourceTree = "<group>"; };
		38DAC77B1E260C3A00115F02 /* CASpringView.m */ = {isa = PBXFileReference; fileEncoding = 4; lastKnownFileType = sourcecode.c.objc; path = CASpringView.m; sourceTree = "<group>"; };
/* End PBXFileReference section */

/* Begin PBXFrameworksBuildPhase section */
		38DAC75C1E260C0B00115F02 /* Frameworks */ = {
			isa = PBXFrameworksBuildPhase;
			buildActionMask = 2147483647;
			files = (
			);
			runOnlyForDeploymentPostprocessing = 0;
		};
/* End PBXFrameworksBuildPhase section */

/* Begin PBXGroup section */
		38DAC7561E260C0B00115F02 = {
			isa = PBXGroup;
			children = (
				38DAC7791E260C1F00115F02 /* CASpringView */,
				38DAC7611E260C0B00115F02 /* CASpringViewDemo */,
				38DAC7601E260C0B00115F02 /* Products */,
			);
			sourceTree = "<group>";
		};
		38DAC7601E260C0B00115F02 /* Products */ = {
			isa = PBXGroup;
			children = (
				38DAC75F1E260C0B00115F02 /* CASpringViewDemo.app */,
			);
			name = Products;
			sourceTree = "<group>";
		};
		38DAC7611E260C0B00115F02 /* CASpringViewDemo */ = {
			isa = PBXGroup;
			children = (
				38DAC7651E260C0B00115F02 /* AppDelegate.h */,
				38DAC7661E260C0B00115F02 /* AppDelegate.m */,
				38DAC7681E260C0B00115F02 /* ViewController.h */,
				38DAC7691E260C0B00115F02 /* ViewController.m */,
				38DAC76B1E260C0B00115F02 /* Main.storyboard */,
				38DAC76E1E260C0B00115F02 /* Assets.xcassets */,
				38DAC7701E260C0B00115F02 /* LaunchScreen.storyboard */,
				38DAC7731E260C0B00115F02 /* Info.plist */,
				38DAC7621E260C0B00115F02 /* Supporting Files */,
			);
			path = CASpringViewDemo;
			sourceTree = "<group>";
		};
		38DAC7621E260C0B00115F02 /* Supporting Files */ = {
			isa = PBXGroup;
			children = (
				38DAC7631E260C0B00115F02 /* main.m */,
			);
			name = "Supporting Files";
			sourceTree = "<group>";
		};
		38DAC7791E260C1F00115F02 /* CASpringView */ = {
			isa = PBXGroup;
			children = (
				38DAC77A1E260C3A00115F02 /* CASpringView.h */,
				38DAC77B1E260C3A00115F02 /* CASpringView.m */,
				381FD1A11E275D37003EF816 /* UIViewWSBoom.swift */,
				381FD1A01E27582A003EF816 /* CASpringViewDemo-Bridging-Header.h */,
			);
			path = CASpringView;
			sourceTree = "<group>";
		};
/* End PBXGroup section */

/* Begin PBXNativeTarget section */
		38DAC75E1E260C0B00115F02 /* CASpringViewDemo */ = {
			isa = PBXNativeTarget;
			buildConfigurationList = 38DAC7761E260C0B00115F02 /* Build configuration list for PBXNativeTarget "CASpringViewDemo" */;
			buildPhases = (
				38DAC75B1E260C0B00115F02 /* Sources */,
				38DAC75C1E260C0B00115F02 /* Frameworks */,
				38DAC75D1E260C0B00115F02 /* Resources */,
			);
			buildRules = (
			);
			dependencies = (
			);
			name = CASpringViewDemo;
			productName = CASpringViewDemo;
			productReference = 38DAC75F1E260C0B00115F02 /* CASpringViewDemo.app */;
			productType = "com.apple.product-type.application";
		};
/* End PBXNativeTarget section */

/* Begin PBXProject section */
		38DAC7571E260C0B00115F02 /* Project object */ = {
			isa = PBXProject;
			attributes = {
				LastUpgradeCheck = 0810;
				ORGANIZATIONNAME = chenao;
				TargetAttributes = {
					38DAC75E1E260C0B00115F02 = {
						CreatedOnToolsVersion = 8.1;
						DevelopmentTeam = P3U8RBA76L;
						LastSwiftMigration = 0810;
						ProvisioningStyle = Automatic;
					};
				};
			};
			buildConfigurationList = 38DAC75A1E260C0B00115F02 /* Build configuration list for PBXProject "CASpringViewDemo" */;
			compatibilityVersion = "Xcode 3.2";
			developmentRegion = English;
			hasScannedForEncodings = 0;
			knownRegions = (
				en,
				Base,
			);
			mainGroup = 38DAC7561E260C0B00115F02;
			productRefGroup = 38DAC7601E260C0B00115F02 /* Products */;
			projectDirPath = "";
			projectRoot = "";
			targets = (
				38DAC75E1E260C0B00115F02 /* CASpringViewDemo */,
			);
		};
/* End PBXProject section */

/* Begin PBXResourcesBuildPhase section */
		38DAC75D1E260C0B00115F02 /* Resources */ = {
			isa = PBXResourcesBuildPhase;
			buildActionMask = 2147483647;
			files = (
				38DAC7721E260C0B00115F02 /* LaunchScreen.storyboard in Resources */,
				38DAC76F1E260C0B00115F02 /* Assets.xcassets in Resources */,
				38DAC76D1E260C0B00115F02 /* Main.storyboard in Resources */,
			);
			runOnlyForDeploymentPostprocessing = 0;
		};
/* End PBXResourcesBuildPhase section */

/* Begin PBXSourcesBuildPhase section */
		38DAC75B1E260C0B00115F02 /* Sources */ = {
			isa = PBXSourcesBuildPhase;
			buildActionMask = 2147483647;
			files = (
				38DAC76A1E260C0B00115F02 /* ViewController.m in Sources */,
				38DAC7671E260C0B00115F02 /* AppDelegate.m in Sources */,
				38DAC7641E260C0B00115F02 /* main.m in Sources */,
				38DAC77C1E260C3A00115F02 /* CASpringView.m in Sources */,
				381FD1A21E275D37003EF816 /* UIViewWSBoom.swift in Sources */,
			);
			runOnlyForDeploymentPostprocessing = 0;
		};
/* End PBXSourcesBuildPhase section */

/* Begin PBXVariantGroup section */
		38DAC76B1E260C0B00115F02 /* Main.storyboard */ = {
			isa = PBXVariantGroup;
			children = (
				38DAC76C1E260C0B00115F02 /* Base */,
			);
			name = Main.storyboard;
			sourceTree = "<group>";
		};
		38DAC7701E260C0B00115F02 /* LaunchScreen.storyboard */ = {
			isa = PBXVariantGroup;
			children = (
				38DAC7711E260C0B00115F02 /* Base */,
			);
			name = LaunchScreen.storyboard;
			sourceTree = "<group>";
		};
/* End PBXVariantGroup section */

/* Begin XCBuildConfiguration section */
		38DAC7741E260C0B00115F02 /* Debug */ = {
			isa = XCBuildConfiguration;
			buildSettings = {
				ALWAYS_SEARCH_USER_PATHS = NO;
				CLANG_ANALYZER_NONNULL = YES;
				CLANG_CXX_LANGUAGE_STANDARD = "gnu++0x";
				CLANG_CXX_LIBRARY = "libc++";
				CLANG_ENABLE_MODULES = YES;
				CLANG_ENABLE_OBJC_ARC = YES;
				CLANG_WARN_BOOL_CONVERSION = YES;
				CLANG_WARN_CONSTANT_CONVERSION = YES;
				CLANG_WARN_DIRECT_OBJC_ISA_USAGE = YES_ERROR;
				CLANG_WARN_DOCUMENTATION_COMMENTS = YES;
				CLANG_WARN_EMPTY_BODY = YES;
				CLANG_WARN_ENUM_CONVERSION = YES;
				CLANG_WARN_INFINITE_RECURSION = YES;
				CLANG_WARN_INT_CONVERSION = YES;
				CLANG_WARN_OBJC_ROOT_CLASS = YES_ERROR;
				CLANG_WARN_SUSPICIOUS_MOVES = YES;
				CLANG_WARN_UNREACHABLE_CODE = YES;
				CLANG_WARN__DUPLICATE_METHOD_MATCH = YES;
				"CODE_SIGN_IDENTITY[sdk=iphoneos*]" = "iPhone Developer";
				COPY_PHASE_STRIP = NO;
				DEBUG_INFORMATION_FORMAT = dwarf;
				ENABLE_STRICT_OBJC_MSGSEND = YES;
				ENABLE_TESTABILITY = YES;
				GCC_C_LANGUAGE_STANDARD = gnu99;
				GCC_DYNAMIC_NO_PIC = NO;
				GCC_NO_COMMON_BLOCKS = YES;
				GCC_OPTIMIZATION_LEVEL = 0;
				GCC_PREPROCESSOR_DEFINITIONS = (
					"DEBUG=1",
					"$(inherited)",
				);
				GCC_WARN_64_TO_32_BIT_CONVERSION = YES;
				GCC_WARN_ABOUT_RETURN_TYPE = YES_ERROR;
				GCC_WARN_UNDECLARED_SELECTOR = YES;
				GCC_WARN_UNINITIALIZED_AUTOS = YES_AGGRESSIVE;
				GCC_WARN_UNUSED_FUNCTION = YES;
				GCC_WARN_UNUSED_VARIABLE = YES;
				IPHONEOS_DEPLOYMENT_TARGET = 10.1;
				MTL_ENABLE_DEBUG_INFO = YES;
				ONLY_ACTIVE_ARCH = YES;
				SDKROOT = iphoneos;
			};
			name = Debug;
		};
		38DAC7751E260C0B00115F02 /* Release */ = {
			isa = XCBuildConfiguration;
			buildSettings = {
				ALWAYS_SEARCH_USER_PATHS = NO;
				CLANG_ANALYZER_NONNULL = YES;
				CLANG_CXX_LANGUAGE_STANDARD = "gnu++0x";
				CLANG_CXX_LIBRARY = "libc++";
				CLANG_ENABLE_MODULES = YES;
				CLANG_ENABLE_OBJC_ARC = YES;
				CLANG_WARN_BOOL_CONVERSION = YES;
				CLANG_WARN_CONSTANT_CONVERSION = YES;
				CLANG_WARN_DIRECT_OBJC_ISA_USAGE = YES_ERROR;
				CLANG_WARN_DOCUMENTATION_COMMENTS = YES;
				CLANG_WARN_EMPTY_BODY = YES;
				CLANG_WARN_ENUM_CONVERSION = YES;
				CLANG_WARN_INFINITE_RECURSION = YES;
				CLANG_WARN_INT_CONVERSION = YES;
				CLANG_WARN_OBJC_ROOT_CLASS = YES_ERROR;
				CLANG_WARN_SUSPICIOUS_MOVES = YES;
				CLANG_WARN_UNREACHABLE_CODE = YES;
				CLANG_WARN__DUPLICATE_METHOD_MATCH = YES;
				"CODE_SIGN_IDENTITY[sdk=iphoneos*]" = "iPhone Developer";
				COPY_PHASE_STRIP = NO;
				DEBUG_INFORMATION_FORMAT = "dwarf-with-dsym";
				ENABLE_NS_ASSERTIONS = NO;
				ENABLE_STRICT_OBJC_MSGSEND = YES;
				GCC_C_LANGUAGE_STANDARD = gnu99;
				GCC_NO_COMMON_BLOCKS = YES;
				GCC_WARN_64_TO_32_BIT_CONVERSION = YES;
				GCC_WARN_ABOUT_RETURN_TYPE = YES_ERROR;
				GCC_WARN_UNDECLARED_SELECTOR = YES;
				GCC_WARN_UNINITIALIZED_AUTOS = YES_AGGRESSIVE;
				GCC_WARN_UNUSED_FUNCTION = YES;
				GCC_WARN_UNUSED_VARIABLE = YES;
				IPHONEOS_DEPLOYMENT_TARGET = 10.1;
				MTL_ENABLE_DEBUG_INFO = NO;
				SDKROOT = iphoneos;
				VALIDATE_PRODUCT = YES;
			};
			name = Release;
		};
		38DAC7771E260C0B00115F02 /* Debug */ = {
			isa = XCBuildConfiguration;
			buildSettings = {
				ASSETCATALOG_COMPILER_APPICON_NAME = AppIcon;
				CLANG_ENABLE_MODULES = YES;
				DEVELOPMENT_TEAM = P3U8RBA76L;
				INFOPLIST_FILE = CASpringViewDemo/Info.plist;
				IPHONEOS_DEPLOYMENT_TARGET = 9.0;
				LD_RUNPATH_SEARCH_PATHS = "$(inherited) @executable_path/Frameworks";
				PRODUCT_BUNDLE_IDENTIFIER = Apple.CASpringViewDemo;
				PRODUCT_NAME = "$(TARGET_NAME)";
				SWIFT_OBJC_BRIDGING_HEADER = "CASpringView/CASpringViewDemo-Bridging-Header.h";
				SWIFT_OPTIMIZATION_LEVEL = "-Onone";
				SWIFT_VERSION = 3.0;
			};
			name = Debug;
		};
		38DAC7781E260C0B00115F02 /* Release */ = {
			isa = XCBuildConfiguration;
			buildSettings = {
				ASSETCATALOG_COMPILER_APPICON_NAME = AppIcon;
				CLANG_ENABLE_MODULES = YES;
				DEVELOPMENT_TEAM = P3U8RBA76L;
				INFOPLIST_FILE = CASpringViewDemo/Info.plist;
				IPHONEOS_DEPLOYMENT_TARGET = 9.0;
				LD_RUNPATH_SEARCH_PATHS = "$(inherited) @executable_path/Frameworks";
				PRODUCT_BUNDLE_IDENTIFIER = Apple.CASpringViewDemo;
				PRODUCT_NAME = "$(TARGET_NAME)";
				SWIFT_OBJC_BRIDGING_HEADER = "CASpringView/CASpringViewDemo-Bridging-Header.h";
				SWIFT_VERSION = 3.0;
			};
			name = Release;
		};
/* End XCBuildConfiguration section */

/* Begin XCConfigurationList section */
		38DAC75A1E260C0B00115F02 /* Build configuration list for PBXProject "CASpringViewDemo" */ = {
			isa = XCConfigurationList;
			buildConfigurations = (
				38DAC7741E260C0B00115F02 /* Debug */,
				38DAC7751E260C0B00115F02 /* Release */,
			);
			defaultConfigurationIsVisible = 0;
			defaultConfigurationName = Release;
		};
		38DAC7761E260C0B00115F02 /* Build configuration list for PBXNativeTarget "CASpringViewDemo" */ = {
			isa = XCConfigurationList;
			buildConfigurations = (
				38DAC7771E260C0B00115F02 /* Debug */,
				38DAC7781E260C0B00115F02 /* Release */,
			);
			defaultConfigurationIsVisible = 0;
			defaultConfigurationName = Release;
		};
/* End XCConfigurationList section */
	};
	rootObject = 38DAC7571E260C0B00115F02 /* Project object */;
}
